// !$*UTF8*$!
{
	archiveVersion = 1;
	classes = {
	};
	objectVersion = 56;
	objects = {

/* Begin PBXBuildFile section */
		BC0D72A12BBF2DB9004C8096 /* CardView.swift in Sources */ = {isa = PBXBuildFile; fileRef = BC0D72A02BBF2DB8004C8096 /* CardView.swift */; };
		BC0D72A52BBF3707004C8096 /* CardModel.swift in Sources */ = {isa = PBXBuildFile; fileRef = BC0D72A42BBF3707004C8096 /* CardModel.swift */; };
		BC0D72A72BBF37CD004C8096 /* CardData.swift in Sources */ = {isa = PBXBuildFile; fileRef = BC0D72A62BBF37CD004C8096 /* CardData.swift */; };
		BC0D72A92BBF3B49004C8096 /* sound-chime.mp3 in Resources */ = {isa = PBXBuildFile; fileRef = BC0D72A82BBF3B48004C8096 /* sound-chime.mp3 */; };
		BC0D72AD2BBF3C7C004C8096 /* PlaySound.swift in Sources */ = {isa = PBXBuildFile; fileRef = BC0D72AC2BBF3C7B004C8096 /* PlaySound.swift */; };
		BC0D72B32BBF5289004C8096 /* Stickers.xcassets in Resources */ = {isa = PBXBuildFile; fileRef = BC0D72B22BBF5289004C8096 /* Stickers.xcassets */; };
		BC0D72B72BBF5289004C8096 /* stickers.appex in Embed Foundation Extensions */ = {isa = PBXBuildFile; fileRef = BC0D72B02BBF5286004C8096 /* stickers.appex */; settings = {ATTRIBUTES = (RemoveHeadersOnCopy, ); }; };
		BCDC34A22BBDD471000F6609 /* Learn_by_DoingApp.swift in Sources */ = {isa = PBXBuildFile; fileRef = BCDC34A12BBDD471000F6609 /* Learn_by_DoingApp.swift */; };
		BCDC34A42BBDD471000F6609 /* ContentView.swift in Sources */ = {isa = PBXBuildFile; fileRef = BCDC34A32BBDD471000F6609 /* ContentView.swift */; };
		BCDC34A62BBDD473000F6609 /* Assets.xcassets in Resources */ = {isa = PBXBuildFile; fileRef = BCDC34A52BBDD473000F6609 /* Assets.xcassets */; };
		BCDC34A92BBDD473000F6609 /* Preview Assets.xcassets in Resources */ = {isa = PBXBuildFile; fileRef = BCDC34A82BBDD473000F6609 /* Preview Assets.xcassets */; };
		BCDC34B32BBDE239000F6609 /* Launch Screen.storyboard in Resources */ = {isa = PBXBuildFile; fileRef = BCDC34B22BBDE239000F6609 /* Launch Screen.storyboard */; };
/* End PBXBuildFile section */

/* Begin PBXContainerItemProxy section */
		BC0D72B52BBF5289004C8096 /* PBXContainerItemProxy */ = {
			isa = PBXContainerItemProxy;
			containerPortal = BCDC34962BBDD471000F6609 /* Project object */;
			proxyType = 1;
			remoteGlobalIDString = BC0D72AF2BBF5286004C8096;
			remoteInfo = stickers;
		};
/* End PBXContainerItemProxy section */

/* Begin PBXCopyFilesBuildPhase section */
		BC0D72BB2BBF5289004C8096 /* Embed Foundation Extensions */ = {
			isa = PBXCopyFilesBuildPhase;
			buildActionMask = 2147483647;
			dstPath = "";
			dstSubfolderSpec = 13;
			files = (
				BC0D72B72BBF5289004C8096 /* stickers.appex in Embed Foundation Extensions */,
			);
			name = "Embed Foundation Extensions";
			runOnlyForDeploymentPostprocessing = 0;
		};
/* End PBXCopyFilesBuildPhase section */

/* Begin PBXFileReference section */
		BC0D72A02BBF2DB8004C8096 /* CardView.swift */ = {isa = PBXFileReference; lastKnownFileType = sourcecode.swift; path = CardView.swift; sourceTree = "<group>"; };
		BC0D72A42BBF3707004C8096 /* CardModel.swift */ = {isa = PBXFileReference; lastKnownFileType = sourcecode.swift; path = CardModel.swift; sourceTree = "<group>"; };
		BC0D72A62BBF37CD004C8096 /* CardData.swift */ = {isa = PBXFileReference; lastKnownFileType = sourcecode.swift; path = CardData.swift; sourceTree = "<group>"; };
		BC0D72A82BBF3B48004C8096 /* sound-chime.mp3 */ = {isa = PBXFileReference; lastKnownFileType = audio.mp3; path = "sound-chime.mp3"; sourceTree = "<group>"; };
		BC0D72AC2BBF3C7B004C8096 /* PlaySound.swift */ = {isa = PBXFileReference; lastKnownFileType = sourcecode.swift; path = PlaySound.swift; sourceTree = "<group>"; };
		BC0D72B02BBF5286004C8096 /* stickers.appex */ = {isa = PBXFileReference; explicitFileType = "wrapper.app-extension"; includeInIndex = 0; path = stickers.appex; sourceTree = BUILT_PRODUCTS_DIR; };
		BC0D72B22BBF5289004C8096 /* Stickers.xcassets */ = {isa = PBXFileReference; lastKnownFileType = folder.assetcatalog; path = Stickers.xcassets; sourceTree = "<group>"; };
		BC0D72B42BBF5289004C8096 /* Info.plist */ = {isa = PBXFileReference; lastKnownFileType = text.plist.xml; path = Info.plist; sourceTree = "<group>"; };
		BCDC349E2BBDD471000F6609 /* Learn by Doing.app */ = {isa = PBXFileReference; explicitFileType = wrapper.application; includeInIndex = 0; path = "Learn by Doing.app"; sourceTree = BUILT_PRODUCTS_DIR; };
		BCDC34A12BBDD471000F6609 /* Learn_by_DoingApp.swift */ = {isa = PBXFileReference; lastKnownFileType = sourcecode.swift; path = Learn_by_DoingApp.swift; sourceTree = "<group>"; };
		BCDC34A32BBDD471000F6609 /* ContentView.swift */ = {isa = PBXFileReference; lastKnownFileType = sourcecode.swift; path = ContentView.swift; sourceTree = "<group>"; };
		BCDC34A52BBDD473000F6609 /* Assets.xcassets */ = {isa = PBXFileReference; lastKnownFileType = folder.assetcatalog; path = Assets.xcassets; sourceTree = "<group>"; };
		BCDC34A82BBDD473000F6609 /* Preview Assets.xcassets */ = {isa = PBXFileReference; lastKnownFileType = folder.assetcatalog; path = "Preview Assets.xcassets"; sourceTree = "<group>"; };
		BCDC34B22BBDE239000F6609 /* Launch Screen.storyboard */ = {isa = PBXFileReference; lastKnownFileType = file.storyboard; path = "Launch Screen.storyboard"; sourceTree = "<group>"; };
/* End PBXFileReference section */

/* Begin PBXFrameworksBuildPhase section */
		BCDC349B2BBDD471000F6609 /* Frameworks */ = {
			isa = PBXFrameworksBuildPhase;
			buildActionMask = 2147483647;
			files = (
			);
			runOnlyForDeploymentPostprocessing = 0;
		};
/* End PBXFrameworksBuildPhase section */

/* Begin PBXGroup section */
		BC0D72A22BBF36C9004C8096 /* View */ = {
			isa = PBXGroup;
			children = (
				BCDC34A32BBDD471000F6609 /* ContentView.swift */,
				BC0D72A02BBF2DB8004C8096 /* CardView.swift */,
			);
			path = View;
			sourceTree = "<group>";
		};
		BC0D72A32BBF36E6004C8096 /* Model */ = {
			isa = PBXGroup;
			children = (
				BC0D72A42BBF3707004C8096 /* CardModel.swift */,
				BC0D72A62BBF37CD004C8096 /* CardData.swift */,
			);
			path = Model;
			sourceTree = "<group>";
		};
		BC0D72AB2BBF3B8F004C8096 /* Utility */ = {
			isa = PBXGroup;
			children = (
				BC0D72AC2BBF3C7B004C8096 /* PlaySound.swift */,
			);
			path = Utility;
			sourceTree = "<group>";
		};
		BC0D72B12BBF5286004C8096 /* stickers */ = {
			isa = PBXGroup;
			children = (
				BC0D72B22BBF5289004C8096 /* Stickers.xcassets */,
				BC0D72B42BBF5289004C8096 /* Info.plist */,
			);
			path = stickers;
			sourceTree = "<group>";
		};
		BCDC34952BBDD471000F6609 = {
			isa = PBXGroup;
			children = (
				BCDC34A02BBDD471000F6609 /* Learn by Doing */,
				BC0D72B12BBF5286004C8096 /* stickers */,
				BCDC349F2BBDD471000F6609 /* Products */,
			);
			sourceTree = "<group>";
		};
		BCDC349F2BBDD471000F6609 /* Products */ = {
			isa = PBXGroup;
			children = (
				BCDC349E2BBDD471000F6609 /* Learn by Doing.app */,
				BC0D72B02BBF5286004C8096 /* stickers.appex */,
			);
			name = Products;
			sourceTree = "<group>";
		};
		BCDC34A02BBDD471000F6609 /* Learn by Doing */ = {
			isa = PBXGroup;
			children = (
				BC0D72AB2BBF3B8F004C8096 /* Utility */,
				BC0D72A82BBF3B48004C8096 /* sound-chime.mp3 */,
				BC0D72A32BBF36E6004C8096 /* Model */,
				BCDC34A12BBDD471000F6609 /* Learn_by_DoingApp.swift */,
				BC0D72A22BBF36C9004C8096 /* View */,
				BCDC34A52BBDD473000F6609 /* Assets.xcassets */,
				BCDC34A72BBDD473000F6609 /* Preview Content */,
				BCDC34B22BBDE239000F6609 /* Launch Screen.storyboard */,
			);
			path = "Learn by Doing";
			sourceTree = "<group>";
		};
		BCDC34A72BBDD473000F6609 /* Preview Content */ = {
			isa = PBXGroup;
			children = (
				BCDC34A82BBDD473000F6609 /* Preview Assets.xcassets */,
			);
			path = "Preview Content";
			sourceTree = "<group>";
		};
/* End PBXGroup section */

/* Begin PBXNativeTarget section */
		BC0D72AF2BBF5286004C8096 /* stickers */ = {
			isa = PBXNativeTarget;
			buildConfigurationList = BC0D72B82BBF5289004C8096 /* Build configuration list for PBXNativeTarget "stickers" */;
			buildPhases = (
				BC0D72AE2BBF5286004C8096 /* Resources */,
			);
			buildRules = (
			);
			dependencies = (
			);
			name = stickers;
			productName = stickers;
			productReference = BC0D72B02BBF5286004C8096 /* stickers.appex */;
			productType = "com.apple.product-type.app-extension.messages-sticker-pack";
		};
		BCDC349D2BBDD471000F6609 /* Learn by Doing */ = {
			isa = PBXNativeTarget;
			buildConfigurationList = BCDC34AC2BBDD474000F6609 /* Build configuration list for PBXNativeTarget "Learn by Doing" */;
			buildPhases = (
				BCDC349A2BBDD471000F6609 /* Sources */,
				BCDC349B2BBDD471000F6609 /* Frameworks */,
				BCDC349C2BBDD471000F6609 /* Resources */,
				BC0D72BB2BBF5289004C8096 /* Embed Foundation Extensions */,
			);
			buildRules = (
			);
			dependencies = (
				BC0D72B62BBF5289004C8096 /* PBXTargetDependency */,
			);
			name = "Learn by Doing";
			productName = "Learn by Doing";
			productReference = BCDC349E2BBDD471000F6609 /* Learn by Doing.app */;
			productType = "com.apple.product-type.application";
		};
/* End PBXNativeTarget section */

/* Begin PBXProject section */
		BCDC34962BBDD471000F6609 /* Project object */ = {
			isa = PBXProject;
			attributes = {
				BuildIndependentTargetsInParallel = 1;
				LastSwiftUpdateCheck = 1530;
				LastUpgradeCheck = 1530;
				TargetAttributes = {
					BC0D72AF2BBF5286004C8096 = {
						CreatedOnToolsVersion = 15.3;
					};
					BCDC349D2BBDD471000F6609 = {
						CreatedOnToolsVersion = 15.3;
					};
				};
			};
			buildConfigurationList = BCDC34992BBDD471000F6609 /* Build configuration list for PBXProject "Learn by Doing" */;
			compatibilityVersion = "Xcode 14.0";
			developmentRegion = en;
			hasScannedForEncodings = 0;
			knownRegions = (
				en,
				Base,
			);
			mainGroup = BCDC34952BBDD471000F6609;
			productRefGroup = BCDC349F2BBDD471000F6609 /* Products */;
			projectDirPath = "";
			projectRoot = "";
			targets = (
				BCDC349D2BBDD471000F6609 /* Learn by Doing */,
				BC0D72AF2BBF5286004C8096 /* stickers */,
			);
		};
/* End PBXProject section */

/* Begin PBXResourcesBuildPhase section */
		BC0D72AE2BBF5286004C8096 /* Resources */ = {
			isa = PBXResourcesBuildPhase;
			buildActionMask = 2147483647;
			files = (
				BC0D72B32BBF5289004C8096 /* Stickers.xcassets in Resources */,
			);
			runOnlyForDeploymentPostprocessing = 0;
		};
		BCDC349C2BBDD471000F6609 /* Resources */ = {
			isa = PBXResourcesBuildPhase;
			buildActionMask = 2147483647;
			files = (
				BCDC34B32BBDE239000F6609 /* Launch Screen.storyboard in Resources */,
				BC0D72A92BBF3B49004C8096 /* sound-chime.mp3 in Resources */,
				BCDC34A92BBDD473000F6609 /* Preview Assets.xcassets in Resources */,
				BCDC34A62BBDD473000F6609 /* Assets.xcassets in Resources */,
			);
			runOnlyForDeploymentPostprocessing = 0;
		};
/* End PBXResourcesBuildPhase section */

/* Begin PBXSourcesBuildPhase section */
		BCDC349A2BBDD471000F6609 /* Sources */ = {
			isa = PBXSourcesBuildPhase;
			buildActionMask = 2147483647;
			files = (
				BC0D72A72BBF37CD004C8096 /* CardData.swift in Sources */,
				BC0D72AD2BBF3C7C004C8096 /* PlaySound.swift in Sources */,
				BCDC34A42BBDD471000F6609 /* ContentView.swift in Sources */,
				BC0D72A52BBF3707004C8096 /* CardModel.swift in Sources */,
				BC0D72A12BBF2DB9004C8096 /* CardView.swift in Sources */,
				BCDC34A22BBDD471000F6609 /* Learn_by_DoingApp.swift in Sources */,
			);
			runOnlyForDeploymentPostprocessing = 0;
		};
/* End PBXSourcesBuildPhase section */

/* Begin PBXTargetDependency section */
		BC0D72B62BBF5289004C8096 /* PBXTargetDependency */ = {
			isa = PBXTargetDependency;
			target = BC0D72AF2BBF5286004C8096 /* stickers */;
			targetProxy = BC0D72B52BBF5289004C8096 /* PBXContainerItemProxy */;
		};
/* End PBXTargetDependency section */

/* Begin XCBuildConfiguration section */
		BC0D72B92BBF5289004C8096 /* Debug */ = {
			isa = XCBuildConfiguration;
			buildSettings = {
				ASSETCATALOG_COMPILER_APPICON_NAME = "iMessage App Icon";
				CODE_SIGN_STYLE = Automatic;
				CURRENT_PROJECT_VERSION = 1;
				DEVELOPMENT_TEAM = PPXQQKDR67;
				GENERATE_INFOPLIST_FILE = YES;
				INFOPLIST_FILE = stickers/Info.plist;
				INFOPLIST_KEY_NSStickerSharingLevel = OS;
				IPHONEOS_DEPLOYMENT_TARGET = 15.0;
				MARKETING_VERSION = 1.0;
				PRODUCT_BUNDLE_IDENTIFIER = "com.chijindu.Learn-by-Doing.stickers";
				PRODUCT_NAME = "$(TARGET_NAME)";
				SKIP_INSTALL = YES;
				SWIFT_EMIT_LOC_STRINGS = YES;
				TARGETED_DEVICE_FAMILY = "1,2";
			};
			name = Debug;
		};
		BC0D72BA2BBF5289004C8096 /* Release */ = {
			isa = XCBuildConfiguration;
			buildSettings = {
				ASSETCATALOG_COMPILER_APPICON_NAME = "iMessage App Icon";
				CODE_SIGN_STYLE = Automatic;
				CURRENT_PROJECT_VERSION = 1;
				DEVELOPMENT_TEAM = PPXQQKDR67;
				GENERATE_INFOPLIST_FILE = YES;
				INFOPLIST_FILE = stickers/Info.plist;
				INFOPLIST_KEY_NSStickerSharingLevel = OS;
				IPHONEOS_DEPLOYMENT_TARGET = 15.0;
				MARKETING_VERSION = 1.0;
				PRODUCT_BUNDLE_IDENTIFIER = "com.chijindu.Learn-by-Doing.stickers";
				PRODUCT_NAME = "$(TARGET_NAME)";
				SKIP_INSTALL = YES;
				SWIFT_EMIT_LOC_STRINGS = YES;
				TARGETED_DEVICE_FAMILY = "1,2";
			};
			name = Release;
		};
		BCDC34AA2BBDD473000F6609 /* Debug */ = {
			isa = XCBuildConfiguration;
			buildSettings = {
				ALWAYS_SEARCH_USER_PATHS = NO;
				ASSETCATALOG_COMPILER_GENERATE_SWIFT_ASSET_SYMBOL_EXTENSIONS = YES;
				CLANG_ANALYZER_NONNULL = YES;
				CLANG_ANALYZER_NUMBER_OBJECT_CONVERSION = YES_AGGRESSIVE;
				CLANG_CXX_LANGUAGE_STANDARD = "gnu++20";
				CLANG_ENABLE_MODULES = YES;
				CLANG_ENABLE_OBJC_ARC = YES;
				CLANG_ENABLE_OBJC_WEAK = YES;
				CLANG_WARN_BLOCK_CAPTURE_AUTORELEASING = YES;
				CLANG_WARN_BOOL_CONVERSION = YES;
				CLANG_WARN_COMMA = YES;
				CLANG_WARN_CONSTANT_CONVERSION = YES;
				CLANG_WARN_DEPRECATED_OBJC_IMPLEMENTATIONS = YES;
				CLANG_WARN_DIRECT_OBJC_ISA_USAGE = YES_ERROR;
				CLANG_WARN_DOCUMENTATION_COMMENTS = YES;
				CLANG_WARN_EMPTY_BODY = YES;
				CLANG_WARN_ENUM_CONVERSION = YES;
				CLANG_WARN_INFINITE_RECURSION = YES;
				CLANG_WARN_INT_CONVERSION = YES;
				CLANG_WARN_NON_LITERAL_NULL_CONVERSION = YES;
				CLANG_WARN_OBJC_IMPLICIT_RETAIN_SELF = YES;
				CLANG_WARN_OBJC_LITERAL_CONVERSION = YES;
				CLANG_WARN_OBJC_ROOT_CLASS = YES_ERROR;
				CLANG_WARN_QUOTED_INCLUDE_IN_FRAMEWORK_HEADER = YES;
				CLANG_WARN_RANGE_LOOP_ANALYSIS = YES;
				CLANG_WARN_STRICT_PROTOTYPES = YES;
				CLANG_WARN_SUSPICIOUS_MOVE = YES;
				CLANG_WARN_UNGUARDED_AVAILABILITY = YES_AGGRESSIVE;
				CLANG_WARN_UNREACHABLE_CODE = YES;
				CLANG_WARN__DUPLICATE_METHOD_MATCH = YES;
				COPY_PHASE_STRIP = NO;
				DEBUG_INFORMATION_FORMAT = dwarf;
				ENABLE_STRICT_OBJC_MSGSEND = YES;
				ENABLE_TESTABILITY = YES;
				ENABLE_USER_SCRIPT_SANDBOXING = YES;
				GCC_C_LANGUAGE_STANDARD = gnu17;
				GCC_DYNAMIC_NO_PIC = NO;
				GCC_NO_COMMON_BLOCKS = YES;
				GCC_OPTIMIZATION_LEVEL = 0;
				GCC_PREPROCESSOR_DEFINITIONS = (
					"DEBUG=1",
					"$(inherited)",
				);
				GCC_WARN_64_TO_32_BIT_CONVERSION = YES;
				GCC_WARN_ABOUT_RETURN_TYPE = YES_ERROR;
				GCC_WARN_UNDECLARED_SELECTOR = YES;
				GCC_WARN_UNINITIALIZED_AUTOS = YES_AGGRESSIVE;
				GCC_WARN_UNUSED_FUNCTION = YES;
				GCC_WARN_UNUSED_VARIABLE = YES;
				IPHONEOS_DEPLOYMENT_TARGET = 17.4;
				LOCALIZATION_PREFERS_STRING_CATALOGS = YES;
				MTL_ENABLE_DEBUG_INFO = INCLUDE_SOURCE;
				MTL_FAST_MATH = YES;
				ONLY_ACTIVE_ARCH = YES;
				SDKROOT = iphoneos;
				SWIFT_ACTIVE_COMPILATION_CONDITIONS = "DEBUG $(inherited)";
				SWIFT_OPTIMIZATION_LEVEL = "-Onone";
			};
			name = Debug;
		};
		BCDC34AB2BBDD473000F6609 /* Release */ = {
			isa = XCBuildConfiguration;
			buildSettings = {
				ALWAYS_SEARCH_USER_PATHS = NO;
				ASSETCATALOG_COMPILER_GENERATE_SWIFT_ASSET_SYMBOL_EXTENSIONS = YES;
				CLANG_ANALYZER_NONNULL = YES;
				CLANG_ANALYZER_NUMBER_OBJECT_CONVERSION = YES_AGGRESSIVE;
				CLANG_CXX_LANGUAGE_STANDARD = "gnu++20";
				CLANG_ENABLE_MODULES = YES;
				CLANG_ENABLE_OBJC_ARC = YES;
				CLANG_ENABLE_OBJC_WEAK = YES;
				CLANG_WARN_BLOCK_CAPTURE_AUTORELEASING = YES;
				CLANG_WARN_BOOL_CONVERSION = YES;
				CLANG_WARN_COMMA = YES;
				CLANG_WARN_CONSTANT_CONVERSION = YES;
				CLANG_WARN_DEPRECATED_OBJC_IMPLEMENTATIONS = YES;
				CLANG_WARN_DIRECT_OBJC_ISA_USAGE = YES_ERROR;
				CLANG_WARN_DOCUMENTATION_COMMENTS = YES;
				CLANG_WARN_EMPTY_BODY = YES;
				CLANG_WARN_ENUM_CONVERSION = YES;
				CLANG_WARN_INFINITE_RECURSION = YES;
				CLANG_WARN_INT_CONVERSION = YES;
				CLANG_WARN_NON_LITERAL_NULL_CONVERSION = YES;
				CLANG_WARN_OBJC_IMPLICIT_RETAIN_SELF = YES;
				CLANG_WARN_OBJC_LITERAL_CONVERSION = YES;
				CLANG_WARN_OBJC_ROOT_CLASS = YES_ERROR;
				CLANG_WARN_QUOTED_INCLUDE_IN_FRAMEWORK_HEADER = YES;
				CLANG_WARN_RANGE_LOOP_ANALYSIS = YES;
				CLANG_WARN_STRICT_PROTOTYPES = YES;
				CLANG_WARN_SUSPICIOUS_MOVE = YES;
				CLANG_WARN_UNGUARDED_AVAILABILITY = YES_AGGRESSIVE;
				CLANG_WARN_UNREACHABLE_CODE = YES;
				CLANG_WARN__DUPLICATE_METHOD_MATCH = YES;
				COPY_PHASE_STRIP = NO;
				DEBUG_INFORMATION_FORMAT = "dwarf-with-dsym";
				ENABLE_NS_ASSERTIONS = NO;
				ENABLE_STRICT_OBJC_MSGSEND = YES;
				ENABLE_USER_SCRIPT_SANDBOXING = YES;
				GCC_C_LANGUAGE_STANDARD = gnu17;
				GCC_NO_COMMON_BLOCKS = YES;
				GCC_WARN_64_TO_32_BIT_CONVERSION = YES;
				GCC_WARN_ABOUT_RETURN_TYPE = YES_ERROR;
				GCC_WARN_UNDECLARED_SELECTOR = YES;
				GCC_WARN_UNINITIALIZED_AUTOS = YES_AGGRESSIVE;
				GCC_WARN_UNUSED_FUNCTION = YES;
				GCC_WARN_UNUSED_VARIABLE = YES;
				IPHONEOS_DEPLOYMENT_TARGET = 17.4;
				LOCALIZATION_PREFERS_STRING_CATALOGS = YES;
				MTL_ENABLE_DEBUG_INFO = NO;
				MTL_FAST_MATH = YES;
				SDKROOT = iphoneos;
				SWIFT_COMPILATION_MODE = wholemodule;
				VALIDATE_PRODUCT = YES;
			};
			name = Release;
		};
		BCDC34AD2BBDD474000F6609 /* Debug */ = {
			isa = XCBuildConfiguration;
			buildSettings = {
				ASSETCATALOG_COMPILER_APPICON_NAME = AppIcon;
				ASSETCATALOG_COMPILER_GLOBAL_ACCENT_COLOR_NAME = AccentColor;
				CODE_SIGN_STYLE = Automatic;
				CURRENT_PROJECT_VERSION = 1;
				DEVELOPMENT_ASSET_PATHS = "\"Learn by Doing/Preview Content\"";
				DEVELOPMENT_TEAM = PPXQQKDR67;
				ENABLE_PREVIEWS = YES;
				GENERATE_INFOPLIST_FILE = YES;
				INFOPLIST_FILE = "Learn-by-Doing-Info.plist";
				INFOPLIST_KEY_UIApplicationSceneManifest_Generation = YES;
				INFOPLIST_KEY_UIApplicationSupportsIndirectInputEvents = YES;
				INFOPLIST_KEY_UILaunchStoryboardName = "Launch Screen.storyboard";
				INFOPLIST_KEY_UISupportedInterfaceOrientations_iPad = "UIInterfaceOrientationPortrait UIInterfaceOrientationPortraitUpsideDown UIInterfaceOrientationLandscapeLeft UIInterfaceOrientationLandscapeRight";
				INFOPLIST_KEY_UISupportedInterfaceOrientations_iPhone = "UIInterfaceOrientationPortrait UIInterfaceOrientationLandscapeLeft UIInterfaceOrientationLandscapeRight";
				IPHONEOS_DEPLOYMENT_TARGET = 15.0;
				LD_RUNPATH_SEARCH_PATHS = (
					"$(inherited)",
					"@executable_path/Frameworks",
				);
				MARKETING_VERSION = 1.0;
				PRODUCT_BUNDLE_IDENTIFIER = "com.chijindu.Learn-by-Doing";
				PRODUCT_NAME = "$(TARGET_NAME)";
				SWIFT_EMIT_LOC_STRINGS = YES;
				SWIFT_VERSION = 5.0;
				TARGETED_DEVICE_FAMILY = "1,2";
			};
			name = Debug;
		};
		BCDC34AE2BBDD474000F6609 /* Release */ = {
			isa = XCBuildConfiguration;
			buildSettings = {
				ASSETCATALOG_COMPILER_APPICON_NAME = AppIcon;
				ASSETCATALOG_COMPILER_GLOBAL_ACCENT_COLOR_NAME = AccentColor;
				CODE_SIGN_STYLE = Automatic;
				CURRENT_PROJECT_VERSION = 1;
				DEVELOPMENT_ASSET_PATHS = "\"Learn by Doing/Preview Content\"";
				DEVELOPMENT_TEAM = PPXQQKDR67;
				ENABLE_PREVIEWS = YES;
				GENERATE_INFOPLIST_FILE = YES;
				INFOPLIST_FILE = "Learn-by-Doing-Info.plist";
				INFOPLIST_KEY_UIApplicationSceneManifest_Generation = YES;
				INFOPLIST_KEY_UIApplicationSupportsIndirectInputEvents = YES;
				INFOPLIST_KEY_UILaunchStoryboardName = "Launch Screen.storyboard";
				INFOPLIST_KEY_UISupportedInterfaceOrientations_iPad = "UIInterfaceOrientationPortrait UIInterfaceOrientationPortraitUpsideDown UIInterfaceOrientationLandscapeLeft UIInterfaceOrientationLandscapeRight";
				INFOPLIST_KEY_UISupportedInterfaceOrientations_iPhone = "UIInterfaceOrientationPortrait UIInterfaceOrientationLandscapeLeft UIInterfaceOrientationLandscapeRight";
				IPHONEOS_DEPLOYMENT_TARGET = 15.0;
				LD_RUNPATH_SEARCH_PATHS = (
					"$(inherited)",
					"@executable_path/Frameworks",
				);
				MARKETING_VERSION = 1.0;
				PRODUCT_BUNDLE_IDENTIFIER = "com.chijindu.Learn-by-Doing";
				PRODUCT_NAME = "$(TARGET_NAME)";
				SWIFT_EMIT_LOC_STRINGS = YES;
				SWIFT_VERSION = 5.0;
				TARGETED_DEVICE_FAMILY = "1,2";
			};
			name = Release;
		};
/* End XCBuildConfiguration section */

/* Begin XCConfigurationList section */
		BC0D72B82BBF5289004C8096 /* Build configuration list for PBXNativeTarget "stickers" */ = {
			isa = XCConfigurationList;
			buildConfigurations = (
				BC0D72B92BBF5289004C8096 /* Debug */,
				BC0D72BA2BBF5289004C8096 /* Release */,
			);
			defaultConfigurationIsVisible = 0;
			defaultConfigurationName = Release;
		};
		BCDC34992BBDD471000F6609 /* Build configuration list for PBXProject "Learn by Doing" */ = {
			isa = XCConfigurationList;
			buildConfigurations = (
				BCDC34AA2BBDD473000F6609 /* Debug */,
				BCDC34AB2BBDD473000F6609 /* Release */,
			);
			defaultConfigurationIsVisible = 0;
			defaultConfigurationName = Release;
		};
		BCDC34AC2BBDD474000F6609 /* Build configuration list for PBXNativeTarget "Learn by Doing" */ = {
			isa = XCConfigurationList;
			buildConfigurations = (
				BCDC34AD2BBDD474000F6609 /* Debug */,
				BCDC34AE2BBDD474000F6609 /* Release */,
			);
			defaultConfigurationIsVisible = 0;
			defaultConfigurationName = Release;
		};
/* End XCConfigurationList section */
	};
	rootObject = BCDC34962BBDD471000F6609 /* Project object */;
}
